
Microsoft Visual Studio Solution File, Format Version 12.00
# Visual Studio 2012
Project("{FAE04EC0-301F-11D3-BF4B-00C04F79EFBC}") = "BungieProgrammingTest", "BungieProgrammingTest\BungieProgrammingTest.csproj", "{CC9FA743-376A-4EC2-B954-345CDC4A08EB}"
EndProject
Global
	GlobalSection(SolutionConfigurationPlatforms) = preSolution
		Debug|Any CPU = Debug|Any CPU
		Release|Any CPU = Release|Any CPU
	EndGlobalSection
	GlobalSection(ProjectConfigurationPlatforms) = postSolution
		{CC9FA743-376A-4EC2-B954-345CDC4A08EB}.Debug|Any CPU.ActiveCfg = Debug|Any CPU
		{CC9FA743-376A-4EC2-B954-345CDC4A08EB}.Debug|Any CPU.Build.0 = Debug|Any CPU
		{CC9FA743-376A-4EC2-B954-345CDC4A08EB}.Release|Any CPU.ActiveCfg = Release|Any CPU
		{CC9FA743-376A-4EC2-B954-345CDC4A08EB}.Release|Any CPU.Build.0 = Release|Any CPU
	EndGlobalSection
	GlobalSection(SolutionProperties) = preSolution
		HideSolutionNode = FALSE
	EndGlobalSection
EndGlobal
